
Microsoft Visual Studio Solution File, Format Version 12.00
# Visual Studio 15
VisualStudioVersion = 15.0.26124.0
MinimumVisualStudioVersion = 15.0.26124.0
Project("{2150E333-8FDC-42A3-9474-1A3956D46DE8}") = "src", "src", "{4765B1EA-7029-4E4C-8FE1-DB09E268347E}"
EndProject
Project("{FAE04EC0-301F-11D3-BF4B-00C04F79EFBC}") = "Identity", "src\Identity\Identity.csproj", "{7E57FD59-8103-4434-8ADD-CF962B565E24}"
EndProject
Project("{FAE04EC0-301F-11D3-BF4B-00C04F79EFBC}") = "DependencyInjection", "src\DependencyInjection\DependencyInjection.csproj", "{1FAC9C0C-1636-4D20-A298-D00C69BC1D5B}"
EndProject
Project("{FAE04EC0-301F-11D3-BF4B-00C04F79EFBC}") = "LogWrapper", "src\LogWrapper\LogWrapper.csproj", "{9F249684-AD1D-40D5-B65A-661E5747A317}"
EndProject
Global
	GlobalSection(SolutionProperties) = preSolution
		HideSolutionNode = FALSE
	EndGlobalSection
	GlobalSection(NestedProjects) = preSolution
		{7E57FD59-8103-4434-8ADD-CF962B565E24} = {4765B1EA-7029-4E4C-8FE1-DB09E268347E}
		{1FAC9C0C-1636-4D20-A298-D00C69BC1D5B} = {4765B1EA-7029-4E4C-8FE1-DB09E268347E}
		{9F249684-AD1D-40D5-B65A-661E5747A317} = {4765B1EA-7029-4E4C-8FE1-DB09E268347E}
	EndGlobalSection
	GlobalSection(SolutionConfigurationPlatforms) = preSolution
		Debug|Any CPU = Debug|Any CPU
		Debug|x64 = Debug|x64
		Debug|x86 = Debug|x86
		Release|Any CPU = Release|Any CPU
		Release|x64 = Release|x64
		Release|x86 = Release|x86
	EndGlobalSection
	GlobalSection(ProjectConfigurationPlatforms) = postSolution
		{7E57FD59-8103-4434-8ADD-CF962B565E24}.Debug|Any CPU.ActiveCfg = Debug|Any CPU
		{7E57FD59-8103-4434-8ADD-CF962B565E24}.Debug|Any CPU.Build.0 = Debug|Any CPU
		{7E57FD59-8103-4434-8ADD-CF962B565E24}.Debug|x64.ActiveCfg = Debug|Any CPU
		{7E57FD59-8103-4434-8ADD-CF962B565E24}.Debug|x64.Build.0 = Debug|Any CPU
		{7E57FD59-8103-4434-8ADD-CF962B565E24}.Debug|x86.ActiveCfg = Debug|Any CPU
		{7E57FD59-8103-4434-8ADD-CF962B565E24}.Debug|x86.Build.0 = Debug|Any CPU
		{7E57FD59-8103-4434-8ADD-CF962B565E24}.Release|Any CPU.ActiveCfg = Release|Any CPU
		{7E57FD59-8103-4434-8ADD-CF962B565E24}.Release|Any CPU.Build.0 = Release|Any CPU
		{7E57FD59-8103-4434-8ADD-CF962B565E24}.Release|x64.ActiveCfg = Release|Any CPU
		{7E57FD59-8103-4434-8ADD-CF962B565E24}.Release|x64.Build.0 = Release|Any CPU
		{7E57FD59-8103-4434-8ADD-CF962B565E24}.Release|x86.ActiveCfg = Release|Any CPU
		{7E57FD59-8103-4434-8ADD-CF962B565E24}.Release|x86.Build.0 = Release|Any CPU
		{1FAC9C0C-1636-4D20-A298-D00C69BC1D5B}.Debug|Any CPU.ActiveCfg = Debug|Any CPU
		{1FAC9C0C-1636-4D20-A298-D00C69BC1D5B}.Debug|Any CPU.Build.0 = Debug|Any CPU
		{1FAC9C0C-1636-4D20-A298-D00C69BC1D5B}.Debug|x64.ActiveCfg = Debug|Any CPU
		{1FAC9C0C-1636-4D20-A298-D00C69BC1D5B}.Debug|x64.Build.0 = Debug|Any CPU
		{1FAC9C0C-1636-4D20-A298-D00C69BC1D5B}.Debug|x86.ActiveCfg = Debug|Any CPU
		{1FAC9C0C-1636-4D20-A298-D00C69BC1D5B}.Debug|x86.Build.0 = Debug|Any CPU
		{1FAC9C0C-1636-4D20-A298-D00C69BC1D5B}.Release|Any CPU.ActiveCfg = Release|Any CPU
		{1FAC9C0C-1636-4D20-A298-D00C69BC1D5B}.Release|Any CPU.Build.0 = Release|Any CPU
		{1FAC9C0C-1636-4D20-A298-D00C69BC1D5B}.Release|x64.ActiveCfg = Release|Any CPU
		{1FAC9C0C-1636-4D20-A298-D00C69BC1D5B}.Release|x64.Build.0 = Release|Any CPU
		{1FAC9C0C-1636-4D20-A298-D00C69BC1D5B}.Release|x86.ActiveCfg = Release|Any CPU
		{1FAC9C0C-1636-4D20-A298-D00C69BC1D5B}.Release|x86.Build.0 = Release|Any CPU
		{9F249684-AD1D-40D5-B65A-661E5747A317}.Debug|Any CPU.ActiveCfg = Debug|Any CPU
		{9F249684-AD1D-40D5-B65A-661E5747A317}.Debug|Any CPU.Build.0 = Debug|Any CPU
		{9F249684-AD1D-40D5-B65A-661E5747A317}.Debug|x64.ActiveCfg = Debug|Any CPU
		{9F249684-AD1D-40D5-B65A-661E5747A317}.Debug|x64.Build.0 = Debug|Any CPU
		{9F249684-AD1D-40D5-B65A-661E5747A317}.Debug|x86.ActiveCfg = Debug|Any CPU
		{9F249684-AD1D-40D5-B65A-661E5747A317}.Debug|x86.Build.0 = Debug|Any CPU
		{9F249684-AD1D-40D5-B65A-661E5747A317}.Release|Any CPU.ActiveCfg = Release|Any CPU
		{9F249684-AD1D-40D5-B65A-661E5747A317}.Release|Any CPU.Build.0 = Release|Any CPU
		{9F249684-AD1D-40D5-B65A-661E5747A317}.Release|x64.ActiveCfg = Release|Any CPU
		{9F249684-AD1D-40D5-B65A-661E5747A317}.Release|x64.Build.0 = Release|Any CPU
		{9F249684-AD1D-40D5-B65A-661E5747A317}.Release|x86.ActiveCfg = Release|Any CPU
		{9F249684-AD1D-40D5-B65A-661E5747A317}.Release|x86.Build.0 = Release|Any CPU
	EndGlobalSection
EndGlobal
